
Microsoft Visual Studio Solution File, Format Version 12.00
# Visual Studio Version 17
VisualStudioVersion = 17.6.33829.357
MinimumVisualStudioVersion = 10.0.40219.1
Project("{2150E333-8FDC-42A3-9474-1A3956D46DE8}") = "1 - App", "1 - App", "{380E6AA2-98EF-4602-81E0-602ADB634156}"
EndProject
Project("{9A19103F-16F7-4668-BE54-9A1E7A4F7556}") = "API.Quereseres", "API.Quereseres\API.Quereseres.csproj", "{5D14217B-0693-4E62-921F-7538FB835A92}"
EndProject
Global
	GlobalSection(SolutionConfigurationPlatforms) = preSolution
		Debug|Any CPU = Debug|Any CPU
		Release|Any CPU = Release|Any CPU
	EndGlobalSection
	GlobalSection(ProjectConfigurationPlatforms) = postSolution
		{5D14217B-0693-4E62-921F-7538FB835A92}.Debug|Any CPU.ActiveCfg = Debug|Any CPU
		{5D14217B-0693-4E62-921F-7538FB835A92}.Debug|Any CPU.Build.0 = Debug|Any CPU
		{5D14217B-0693-4E62-921F-7538FB835A92}.Release|Any CPU.ActiveCfg = Release|Any CPU
		{5D14217B-0693-4E62-921F-7538FB835A92}.Release|Any CPU.Build.0 = Release|Any CPU
	EndGlobalSection
	GlobalSection(SolutionProperties) = preSolution
		HideSolutionNode = FALSE
	EndGlobalSection
	GlobalSection(NestedProjects) = preSolution
		{5D14217B-0693-4E62-921F-7538FB835A92} = {380E6AA2-98EF-4602-81E0-602ADB634156}
	EndGlobalSection
	GlobalSection(ExtensibilityGlobals) = postSolution
		SolutionGuid = {D49B0CBC-3EC7-4345-84BF-C660326238EA}
	EndGlobalSection
EndGlobal
